
Microsoft Visual Studio Solution File, Format Version 12.00
# Visual Studio Version 16
VisualStudioVersion = 16.0.29215.179
MinimumVisualStudioVersion = 10.0.40219.1
Project("{FAE04EC0-301F-11D3-BF4B-00C04F79EFBC}") = "FitCard", "FitCard.csproj", "{08224A38-593F-4CBB-A60C-8F389E186B55}"
EndProject
Global
	GlobalSection(SolutionConfigurationPlatforms) = preSolution
		Debug|Any CPU = Debug|Any CPU
		Release|Any CPU = Release|Any CPU
	EndGlobalSection
	GlobalSection(ProjectConfigurationPlatforms) = postSolution
		{08224A38-593F-4CBB-A60C-8F389E186B55}.Debug|Any CPU.ActiveCfg = Debug|Any CPU
		{08224A38-593F-4CBB-A60C-8F389E186B55}.Debug|Any CPU.Build.0 = Debug|Any CPU
		{08224A38-593F-4CBB-A60C-8F389E186B55}.Release|Any CPU.ActiveCfg = Release|Any CPU
		{08224A38-593F-4CBB-A60C-8F389E186B55}.Release|Any CPU.Build.0 = Release|Any CPU
	EndGlobalSection
	GlobalSection(SolutionProperties) = preSolution
		HideSolutionNode = FALSE
	EndGlobalSection
	GlobalSection(ExtensibilityGlobals) = postSolution
		SolutionGuid = {BE9A35C0-3443-4BE2-847B-9BFAAFA7A853}
	EndGlobalSection
EndGlobal
